
Microsoft Visual Studio Solution File, Format Version 12.00
# Visual Studio 15
Project("{FAE04EC0-301F-11D3-BF4B-00C04F79EFBC}") = "experiment", "Assembly-CSharp.csproj", "{BECBE67D-595A-D9C1-B5E7-14EF8C251112}"
EndProject
Project("{FAE04EC0-301F-11D3-BF4B-00C04F79EFBC}") = "experiment", "Assembly-CSharp-firstpass.csproj", "{14D0ABB6-4E2D-F982-1ECB-6FAB41A34C54}"
EndProject
Project("{FAE04EC0-301F-11D3-BF4B-00C04F79EFBC}") = "experiment", "Assembly-CSharp-Editor-firstpass.csproj", "{C0DE4034-3D5A-A56D-168A-2E3229F5BD17}"
EndProject
Global
	GlobalSection(SolutionConfigurationPlatforms) = preSolution
		Debug|Any CPU = Debug|Any CPU
		Release|Any CPU = Release|Any CPU
	EndGlobalSection
	GlobalSection(ProjectConfigurationPlatforms) = postSolution
		{BECBE67D-595A-D9C1-B5E7-14EF8C251112}.Debug|Any CPU.ActiveCfg = Debug|Any CPU
		{BECBE67D-595A-D9C1-B5E7-14EF8C251112}.Debug|Any CPU.Build.0 = Debug|Any CPU
		{BECBE67D-595A-D9C1-B5E7-14EF8C251112}.Release|Any CPU.ActiveCfg = Release|Any CPU
		{BECBE67D-595A-D9C1-B5E7-14EF8C251112}.Release|Any CPU.Build.0 = Release|Any CPU
		{14D0ABB6-4E2D-F982-1ECB-6FAB41A34C54}.Debug|Any CPU.ActiveCfg = Debug|Any CPU
		{14D0ABB6-4E2D-F982-1ECB-6FAB41A34C54}.Debug|Any CPU.Build.0 = Debug|Any CPU
		{14D0ABB6-4E2D-F982-1ECB-6FAB41A34C54}.Release|Any CPU.ActiveCfg = Release|Any CPU
		{14D0ABB6-4E2D-F982-1ECB-6FAB41A34C54}.Release|Any CPU.Build.0 = Release|Any CPU
		{C0DE4034-3D5A-A56D-168A-2E3229F5BD17}.Debug|Any CPU.ActiveCfg = Debug|Any CPU
		{C0DE4034-3D5A-A56D-168A-2E3229F5BD17}.Debug|Any CPU.Build.0 = Debug|Any CPU
		{C0DE4034-3D5A-A56D-168A-2E3229F5BD17}.Release|Any CPU.ActiveCfg = Release|Any CPU
		{C0DE4034-3D5A-A56D-168A-2E3229F5BD17}.Release|Any CPU.Build.0 = Release|Any CPU
	EndGlobalSection
	GlobalSection(SolutionProperties) = preSolution
		HideSolutionNode = FALSE
	EndGlobalSection
EndGlobal
